
Microsoft Visual Studio Solution File, Format Version 12.00
# Visual Studio Version 17
VisualStudioVersion = 17.7.34031.279
MinimumVisualStudioVersion = 10.0.40219.1
Project("{FAE04EC0-301F-11D3-BF4B-00C04F79EFBC}") = "RdlcProject", "RdlcProject\RdlcProject.csproj", "{168B3096-8854-414A-8759-FD3A9C2A87FE}"
EndProject
Global
	GlobalSection(SolutionConfigurationPlatforms) = preSolution
		Debug|Any CPU = Debug|Any CPU
		Release|Any CPU = Release|Any CPU
	EndGlobalSection
	GlobalSection(ProjectConfigurationPlatforms) = postSolution
		{168B3096-8854-414A-8759-FD3A9C2A87FE}.Debug|Any CPU.ActiveCfg = Debug|Any CPU
		{168B3096-8854-414A-8759-FD3A9C2A87FE}.Debug|Any CPU.Build.0 = Debug|Any CPU
		{168B3096-8854-414A-8759-FD3A9C2A87FE}.Release|Any CPU.ActiveCfg = Release|Any CPU
		{168B3096-8854-414A-8759-FD3A9C2A87FE}.Release|Any CPU.Build.0 = Release|Any CPU
	EndGlobalSection
	GlobalSection(SolutionProperties) = preSolution
		HideSolutionNode = FALSE
	EndGlobalSection
	GlobalSection(ExtensibilityGlobals) = postSolution
		SolutionGuid = {917FD0C3-542B-4D8F-9834-51B3456F0920}
	EndGlobalSection
EndGlobal
